
Microsoft Visual Studio Solution File, Format Version 12.00
# Visual Studio 15
VisualStudioVersion = 15.0.26430.6
MinimumVisualStudioVersion = 10.0.40219.1
Project("{FAE04EC0-301F-11D3-BF4B-00C04F79EFBC}") = "Game1", "Game1\Game1.csproj", "{008B0EB6-1E3D-4E00-A76B-27051475D5F1}"
EndProject
Global
	GlobalSection(SolutionConfigurationPlatforms) = preSolution
		Debug|Any CPU = Debug|Any CPU
		Release|Any CPU = Release|Any CPU
	EndGlobalSection
	GlobalSection(ProjectConfigurationPlatforms) = postSolution
		{008B0EB6-1E3D-4E00-A76B-27051475D5F1}.Debug|Any CPU.ActiveCfg = Debug|Any CPU
		{008B0EB6-1E3D-4E00-A76B-27051475D5F1}.Debug|Any CPU.Build.0 = Debug|Any CPU
		{008B0EB6-1E3D-4E00-A76B-27051475D5F1}.Release|Any CPU.ActiveCfg = Release|Any CPU
		{008B0EB6-1E3D-4E00-A76B-27051475D5F1}.Release|Any CPU.Build.0 = Release|Any CPU
	EndGlobalSection
	GlobalSection(SolutionProperties) = preSolution
		HideSolutionNode = FALSE
	EndGlobalSection
EndGlobal
